<Solution>
  <Folder Name="/src/">
    <Project Path="src/Starfall.Content/Starfall.Content.csproj" />
    <Project Path="src/Starfall.Protocol/Starfall.Protocol.csproj" />
    <Project Path="src/Starfall.Simulation/Starfall.Simulation.csproj" />
    <Project Path="src/Starfall.World/Starfall.World.csproj" />
    <Project Path="src/Starfall.Client/Starfall.Client.csproj" />
    <Project Path="src/Starfall.Editor/Starfall.Editor.csproj" />
    <Project Path="src/Starfall.BalanceLab/Starfall.BalanceLab.csproj" />
  </Folder>
  <Folder Name="/tests/">
    <Project Path="tests/Starfall.Architecture.Tests/Starfall.Architecture.Tests.csproj" />
    <Project Path="tests/Starfall.Client.Tests/Starfall.Client.Tests.csproj" />
    <Project Path="tests/Starfall.Content.Tests/Starfall.Content.Tests.csproj" />
    <Project Path="tests/Starfall.Protocol.Tests/Starfall.Protocol.Tests.csproj" />
    <Project Path="tests/Starfall.Simulation.Tests/Starfall.Simulation.Tests.csproj" />
    <Project Path="tests/Starfall.World.Tests/Starfall.World.Tests.csproj" />
    <Project Path="tests/Starfall.ConnectedWalking.Tests/Starfall.ConnectedWalking.Tests.csproj" />
  </Folder>
  <Folder Name="/tools/">
    <Project Path="tools/Starfall.DevelopmentAdmission/Starfall.DevelopmentAdmission.csproj" />
  </Folder>
</Solution>
